// !$*UTF8*$!
{
	archiveVersion = 1;
	classes = {
	};
	objectVersion = 55;
	objects = {

/* Begin PBXBuildFile section */
		9D4C379827C371A800178891 /* FirebaseAuth in Frameworks */ = {isa = PBXBuildFile; productRef = 9D4C379727C371A800178891 /* FirebaseAuth */; };
		9D4C379A27C371A800178891 /* FirebaseDatabase in Frameworks */ = {isa = PBXBuildFile; productRef = 9D4C379927C371A800178891 /* FirebaseDatabase */; };
		9D4C379E27C3777E00178891 /* GoogleService-Info.plist in Resources */ = {isa = PBXBuildFile; fileRef = 9D4C379D27C3777E00178891 /* GoogleService-Info.plist */; };
		9D64C65427BDA48000DD4F1D /* AppDelegate.swift in Sources */ = {isa = PBXBuildFile; fileRef = 9D64C65327BDA48000DD4F1D /* AppDelegate.swift */; };
		9D64C65627BDA48000DD4F1D /* SceneDelegate.swift in Sources */ = {isa = PBXBuildFile; fileRef = 9D64C65527BDA48000DD4F1D /* SceneDelegate.swift */; };
		9D64C65827BDA48000DD4F1D /* ConversationsViewController.swift in Sources */ = {isa = PBXBuildFile; fileRef = 9D64C65727BDA48000DD4F1D /* ConversationsViewController.swift */; };
		9D64C65B27BDA48000DD4F1D /* Main.storyboard in Resources */ = {isa = PBXBuildFile; fileRef = 9D64C65927BDA48000DD4F1D /* Main.storyboard */; };
		9D64C65D27BDA48300DD4F1D /* Assets.xcassets in Resources */ = {isa = PBXBuildFile; fileRef = 9D64C65C27BDA48300DD4F1D /* Assets.xcassets */; };
		9D64C66027BDA48300DD4F1D /* LaunchScreen.storyboard in Resources */ = {isa = PBXBuildFile; fileRef = 9D64C65E27BDA48300DD4F1D /* LaunchScreen.storyboard */; };
		9D64C66E27BDA72200DD4F1D /* LoginViewController.swift in Sources */ = {isa = PBXBuildFile; fileRef = 9D64C66D27BDA72200DD4F1D /* LoginViewController.swift */; };
		9D64C67027BDA73100DD4F1D /* RegisterViewController.swift in Sources */ = {isa = PBXBuildFile; fileRef = 9D64C66F27BDA73100DD4F1D /* RegisterViewController.swift */; };
		9D64C67227BDA74F00DD4F1D /* PhotoViewerViewController.swift in Sources */ = {isa = PBXBuildFile; fileRef = 9D64C67127BDA74F00DD4F1D /* PhotoViewerViewController.swift */; };
		9D64C67427BDA75A00DD4F1D /* VideoPlayerViewController.swift in Sources */ = {isa = PBXBuildFile; fileRef = 9D64C67327BDA75A00DD4F1D /* VideoPlayerViewController.swift */; };
		9D64C67627BDA77800DD4F1D /* NewConversationViewController.swift in Sources */ = {isa = PBXBuildFile; fileRef = 9D64C67527BDA77700DD4F1D /* NewConversationViewController.swift */; };
		9D64C67827BDA78E00DD4F1D /* ProfileViewController.swift in Sources */ = {isa = PBXBuildFile; fileRef = 9D64C67727BDA78E00DD4F1D /* ProfileViewController.swift */; };
		9D64C67C27BDB0D500DD4F1D /* logo1.jpg in Resources */ = {isa = PBXBuildFile; fileRef = 9D64C67B27BDB0D500DD4F1D /* logo1.jpg */; };
		9D64C67E27BDB26000DD4F1D /* Extensions.swift in Sources */ = {isa = PBXBuildFile; fileRef = 9D64C67D27BDB26000DD4F1D /* Extensions.swift */; };
		9D64C68027C3516700DD4F1D /* rid-letters.jpg in Resources */ = {isa = PBXBuildFile; fileRef = 9D64C67F27C3516700DD4F1D /* rid-letters.jpg */; };
/* End PBXBuildFile section */

/* Begin PBXFileReference section */
		9D4C379D27C3777E00178891 /* GoogleService-Info.plist */ = {isa = PBXFileReference; fileEncoding = 4; lastKnownFileType = text.plist.xml; path = "GoogleService-Info.plist"; sourceTree = "<group>"; };
		9D64C65027BDA48000DD4F1D /* RidProyect2.app */ = {isa = PBXFileReference; explicitFileType = wrapper.application; includeInIndex = 0; path = RidProyect2.app; sourceTree = BUILT_PRODUCTS_DIR; };
		9D64C65327BDA48000DD4F1D /* AppDelegate.swift */ = {isa = PBXFileReference; lastKnownFileType = sourcecode.swift; path = AppDelegate.swift; sourceTree = "<group>"; };
		9D64C65527BDA48000DD4F1D /* SceneDelegate.swift */ = {isa = PBXFileReference; lastKnownFileType = sourcecode.swift; path = SceneDelegate.swift; sourceTree = "<group>"; };
		9D64C65727BDA48000DD4F1D /* ConversationsViewController.swift */ = {isa = PBXFileReference; lastKnownFileType = sourcecode.swift; path = ConversationsViewController.swift; sourceTree = "<group>"; };
		9D64C65A27BDA48000DD4F1D /* Base */ = {isa = PBXFileReference; lastKnownFileType = file.storyboard; name = Base; path = Base.lproj/Main.storyboard; sourceTree = "<group>"; };
		9D64C65C27BDA48300DD4F1D /* Assets.xcassets */ = {isa = PBXFileReference; lastKnownFileType = folder.assetcatalog; path = Assets.xcassets; sourceTree = "<group>"; };
		9D64C65F27BDA48300DD4F1D /* Base */ = {isa = PBXFileReference; lastKnownFileType = file.storyboard; name = Base; path = Base.lproj/LaunchScreen.storyboard; sourceTree = "<group>"; };
		9D64C66127BDA48300DD4F1D /* Info.plist */ = {isa = PBXFileReference; lastKnownFileType = text.plist.xml; path = Info.plist; sourceTree = "<group>"; };
		9D64C66D27BDA72200DD4F1D /* LoginViewController.swift */ = {isa = PBXFileReference; lastKnownFileType = sourcecode.swift; path = LoginViewController.swift; sourceTree = "<group>"; };
		9D64C66F27BDA73100DD4F1D /* RegisterViewController.swift */ = {isa = PBXFileReference; lastKnownFileType = sourcecode.swift; path = RegisterViewController.swift; sourceTree = "<group>"; };
		9D64C67127BDA74F00DD4F1D /* PhotoViewerViewController.swift */ = {isa = PBXFileReference; lastKnownFileType = sourcecode.swift; path = PhotoViewerViewController.swift; sourceTree = "<group>"; };
		9D64C67327BDA75A00DD4F1D /* VideoPlayerViewController.swift */ = {isa = PBXFileReference; lastKnownFileType = sourcecode.swift; path = VideoPlayerViewController.swift; sourceTree = "<group>"; };
		9D64C67527BDA77700DD4F1D /* NewConversationViewController.swift */ = {isa = PBXFileReference; lastKnownFileType = sourcecode.swift; path = NewConversationViewController.swift; sourceTree = "<group>"; };
		9D64C67727BDA78E00DD4F1D /* ProfileViewController.swift */ = {isa = PBXFileReference; lastKnownFileType = sourcecode.swift; path = ProfileViewController.swift; sourceTree = "<group>"; };
		9D64C67B27BDB0D500DD4F1D /* logo1.jpg */ = {isa = PBXFileReference; lastKnownFileType = image.jpeg; path = logo1.jpg; sourceTree = "<group>"; };
		9D64C67D27BDB26000DD4F1D /* Extensions.swift */ = {isa = PBXFileReference; lastKnownFileType = sourcecode.swift; path = Extensions.swift; sourceTree = "<group>"; };
		9D64C67F27C3516700DD4F1D /* rid-letters.jpg */ = {isa = PBXFileReference; lastKnownFileType = image.jpeg; path = "rid-letters.jpg"; sourceTree = "<group>"; };
/* End PBXFileReference section */

/* Begin PBXFrameworksBuildPhase section */
		9D64C64D27BDA48000DD4F1D /* Frameworks */ = {
			isa = PBXFrameworksBuildPhase;
			buildActionMask = 2147483647;
			files = (
				9D4C379A27C371A800178891 /* FirebaseDatabase in Frameworks */,
				9D4C379827C371A800178891 /* FirebaseAuth in Frameworks */,
			);
			runOnlyForDeploymentPostprocessing = 0;
		};
/* End PBXFrameworksBuildPhase section */

/* Begin PBXGroup section */
		9D64C64727BDA48000DD4F1D = {
			isa = PBXGroup;
			children = (
				9D64C65227BDA48000DD4F1D /* RidProyect2 */,
				9D64C65127BDA48000DD4F1D /* Products */,
			);
			sourceTree = "<group>";
		};
		9D64C65127BDA48000DD4F1D /* Products */ = {
			isa = PBXGroup;
			children = (
				9D64C65027BDA48000DD4F1D /* RidProyect2.app */,
			);
			name = Products;
			sourceTree = "<group>";
		};
		9D64C65227BDA48000DD4F1D /* RidProyect2 */ = {
			isa = PBXGroup;
			children = (
				9D4C379D27C3777E00178891 /* GoogleService-Info.plist */,
				9D64C66B27BDA5A500DD4F1D /* Resources */,
				9D64C66A27BDA59C00DD4F1D /* ViewModels */,
				9D64C66927BDA59600DD4F1D /* Models */,
				9D64C66827BDA59100DD4F1D /* Views */,
				9D64C66727BDA58800DD4F1D /* Controllers */,
				9D64C66127BDA48300DD4F1D /* Info.plist */,
			);
			path = RidProyect2;
			sourceTree = "<group>";
		};
		9D64C66727BDA58800DD4F1D /* Controllers */ = {
			isa = PBXGroup;
			children = (
				9D64C65727BDA48000DD4F1D /* ConversationsViewController.swift */,
				9D64C67927BDAC4100DD4F1D /* Login */,
				9D64C67127BDA74F00DD4F1D /* PhotoViewerViewController.swift */,
				9D64C67327BDA75A00DD4F1D /* VideoPlayerViewController.swift */,
				9D64C67527BDA77700DD4F1D /* NewConversationViewController.swift */,
				9D64C67727BDA78E00DD4F1D /* ProfileViewController.swift */,
			);
			path = Controllers;
			sourceTree = "<group>";
		};
		9D64C66827BDA59100DD4F1D /* Views */ = {
			isa = PBXGroup;
			children = (
				9D64C66C27BDA5DC00DD4F1D /* Storyboards */,
				9D64C65C27BDA48300DD4F1D /* Assets.xcassets */,
			);
			path = Views;
			sourceTree = "<group>";
		};
		9D64C66927BDA59600DD4F1D /* Models */ = {
			isa = PBXGroup;
			children = (
			);
			path = Models;
			sourceTree = "<group>";
		};
		9D64C66A27BDA59C00DD4F1D /* ViewModels */ = {
			isa = PBXGroup;
			children = (
			);
			path = ViewModels;
			sourceTree = "<group>";
		};
		9D64C66B27BDA5A500DD4F1D /* Resources */ = {
			isa = PBXGroup;
			children = (
				9D64C65527BDA48000DD4F1D /* SceneDelegate.swift */,
				9D64C65327BDA48000DD4F1D /* AppDelegate.swift */,
				9D64C67D27BDB26000DD4F1D /* Extensions.swift */,
			);
			path = Resources;
			sourceTree = "<group>";
		};
		9D64C66C27BDA5DC00DD4F1D /* Storyboards */ = {
			isa = PBXGroup;
			children = (
				9D64C67A27BDB07E00DD4F1D /* imgs */,
				9D64C65927BDA48000DD4F1D /* Main.storyboard */,
				9D64C65E27BDA48300DD4F1D /* LaunchScreen.storyboard */,
			);
			path = Storyboards;
			sourceTree = "<group>";
		};
		9D64C67927BDAC4100DD4F1D /* Login */ = {
			isa = PBXGroup;
			children = (
				9D64C66D27BDA72200DD4F1D /* LoginViewController.swift */,
				9D64C66F27BDA73100DD4F1D /* RegisterViewController.swift */,
			);
			path = Login;
			sourceTree = "<group>";
		};
		9D64C67A27BDB07E00DD4F1D /* imgs */ = {
			isa = PBXGroup;
			children = (
				9D64C67F27C3516700DD4F1D /* rid-letters.jpg */,
				9D64C67B27BDB0D500DD4F1D /* logo1.jpg */,
			);
			path = imgs;
			sourceTree = "<group>";
		};
/* End PBXGroup section */

/* Begin PBXNativeTarget section */
		9D64C64F27BDA48000DD4F1D /* RidProyect2 */ = {
			isa = PBXNativeTarget;
			buildConfigurationList = 9D64C66427BDA48300DD4F1D /* Build configuration list for PBXNativeTarget "RidProyect2" */;
			buildPhases = (
				9D64C64C27BDA48000DD4F1D /* Sources */,
				9D64C64D27BDA48000DD4F1D /* Frameworks */,
				9D64C64E27BDA48000DD4F1D /* Resources */,
			);
			buildRules = (
			);
			dependencies = (
			);
			name = RidProyect2;
			packageProductDependencies = (
				9D4C379727C371A800178891 /* FirebaseAuth */,
				9D4C379927C371A800178891 /* FirebaseDatabase */,
			);
			productName = RidProyect2;
			productReference = 9D64C65027BDA48000DD4F1D /* RidProyect2.app */;
			productType = "com.apple.product-type.application";
		};
/* End PBXNativeTarget section */

/* Begin PBXProject section */
		9D64C64827BDA48000DD4F1D /* Project object */ = {
			isa = PBXProject;
			attributes = {
				BuildIndependentTargetsInParallel = 1;
				LastSwiftUpdateCheck = 1320;
				LastUpgradeCheck = 1320;
				TargetAttributes = {
					9D64C64F27BDA48000DD4F1D = {
						CreatedOnToolsVersion = 13.2.1;
					};
				};
			};
			buildConfigurationList = 9D64C64B27BDA48000DD4F1D /* Build configuration list for PBXProject "RidProyect2" */;
			compatibilityVersion = "Xcode 13.0";
			developmentRegion = en;
			hasScannedForEncodings = 0;
			knownRegions = (
				en,
				Base,
			);
			mainGroup = 9D64C64727BDA48000DD4F1D;
			packageReferences = (
				9D4C379627C371A800178891 /* XCRemoteSwiftPackageReference "firebase-ios-sdk" */,
			);
			productRefGroup = 9D64C65127BDA48000DD4F1D /* Products */;
			projectDirPath = "";
			projectRoot = "";
			targets = (
				9D64C64F27BDA48000DD4F1D /* RidProyect2 */,
			);
		};
/* End PBXProject section */

/* Begin PBXResourcesBuildPhase section */
		9D64C64E27BDA48000DD4F1D /* Resources */ = {
			isa = PBXResourcesBuildPhase;
			buildActionMask = 2147483647;
			files = (
				9D64C68027C3516700DD4F1D /* rid-letters.jpg in Resources */,
				9D64C66027BDA48300DD4F1D /* LaunchScreen.storyboard in Resources */,
				9D64C65D27BDA48300DD4F1D /* Assets.xcassets in Resources */,
				9D64C67C27BDB0D500DD4F1D /* logo1.jpg in Resources */,
				9D64C65B27BDA48000DD4F1D /* Main.storyboard in Resources */,
				9D4C379E27C3777E00178891 /* GoogleService-Info.plist in Resources */,
			);
			runOnlyForDeploymentPostprocessing = 0;
		};
/* End PBXResourcesBuildPhase section */

/* Begin PBXSourcesBuildPhase section */
		9D64C64C27BDA48000DD4F1D /* Sources */ = {
			isa = PBXSourcesBuildPhase;
			buildActionMask = 2147483647;
			files = (
				9D64C66E27BDA72200DD4F1D /* LoginViewController.swift in Sources */,
				9D64C67027BDA73100DD4F1D /* RegisterViewController.swift in Sources */,
				9D64C67627BDA77800DD4F1D /* NewConversationViewController.swift in Sources */,
				9D64C65827BDA48000DD4F1D /* ConversationsViewController.swift in Sources */,
				9D64C67427BDA75A00DD4F1D /* VideoPlayerViewController.swift in Sources */,
				9D64C67E27BDB26000DD4F1D /* Extensions.swift in Sources */,
				9D64C65427BDA48000DD4F1D /* AppDelegate.swift in Sources */,
				9D64C67827BDA78E00DD4F1D /* ProfileViewController.swift in Sources */,
				9D64C65627BDA48000DD4F1D /* SceneDelegate.swift in Sources */,
				9D64C67227BDA74F00DD4F1D /* PhotoViewerViewController.swift in Sources */,
			);
			runOnlyForDeploymentPostprocessing = 0;
		};
/* End PBXSourcesBuildPhase section */

/* Begin PBXVariantGroup section */
		9D64C65927BDA48000DD4F1D /* Main.storyboard */ = {
			isa = PBXVariantGroup;
			children = (
				9D64C65A27BDA48000DD4F1D /* Base */,
			);
			name = Main.storyboard;
			sourceTree = "<group>";
		};
		9D64C65E27BDA48300DD4F1D /* LaunchScreen.storyboard */ = {
			isa = PBXVariantGroup;
			children = (
				9D64C65F27BDA48300DD4F1D /* Base */,
			);
			name = LaunchScreen.storyboard;
			sourceTree = "<group>";
		};
/* End PBXVariantGroup section */

/* Begin XCBuildConfiguration section */
		9D64C66227BDA48300DD4F1D /* Debug */ = {
			isa = XCBuildConfiguration;
			buildSettings = {
				ALWAYS_SEARCH_USER_PATHS = NO;
				CLANG_ANALYZER_NONNULL = YES;
				CLANG_ANALYZER_NUMBER_OBJECT_CONVERSION = YES_AGGRESSIVE;
				CLANG_CXX_LANGUAGE_STANDARD = "gnu++17";
				CLANG_CXX_LIBRARY = "libc++";
				CLANG_ENABLE_MODULES = YES;
				CLANG_ENABLE_OBJC_ARC = YES;
				CLANG_ENABLE_OBJC_WEAK = YES;
				CLANG_WARN_BLOCK_CAPTURE_AUTORELEASING = YES;
				CLANG_WARN_BOOL_CONVERSION = YES;
				CLANG_WARN_COMMA = YES;
				CLANG_WARN_CONSTANT_CONVERSION = YES;
				CLANG_WARN_DEPRECATED_OBJC_IMPLEMENTATIONS = YES;
				CLANG_WARN_DIRECT_OBJC_ISA_USAGE = YES_ERROR;
				CLANG_WARN_DOCUMENTATION_COMMENTS = YES;
				CLANG_WARN_EMPTY_BODY = YES;
				CLANG_WARN_ENUM_CONVERSION = YES;
				CLANG_WARN_INFINITE_RECURSION = YES;
				CLANG_WARN_INT_CONVERSION = YES;
				CLANG_WARN_NON_LITERAL_NULL_CONVERSION = YES;
				CLANG_WARN_OBJC_IMPLICIT_RETAIN_SELF = YES;
				CLANG_WARN_OBJC_LITERAL_CONVERSION = YES;
				CLANG_WARN_OBJC_ROOT_CLASS = YES_ERROR;
				CLANG_WARN_QUOTED_INCLUDE_IN_FRAMEWORK_HEADER = YES;
				CLANG_WARN_RANGE_LOOP_ANALYSIS = YES;
				CLANG_WARN_STRICT_PROTOTYPES = YES;
				CLANG_WARN_SUSPICIOUS_MOVE = YES;
				CLANG_WARN_UNGUARDED_AVAILABILITY = YES_AGGRESSIVE;
				CLANG_WARN_UNREACHABLE_CODE = YES;
				CLANG_WARN__DUPLICATE_METHOD_MATCH = YES;
				COPY_PHASE_STRIP = NO;
				DEBUG_INFORMATION_FORMAT = dwarf;
				ENABLE_STRICT_OBJC_MSGSEND = YES;
				ENABLE_TESTABILITY = YES;
				GCC_C_LANGUAGE_STANDARD = gnu11;
				GCC_DYNAMIC_NO_PIC = NO;
				GCC_NO_COMMON_BLOCKS = YES;
				GCC_OPTIMIZATION_LEVEL = 0;
				GCC_PREPROCESSOR_DEFINITIONS = (
					"DEBUG=1",
					"$(inherited)",
				);
				GCC_WARN_64_TO_32_BIT_CONVERSION = YES;
				GCC_WARN_ABOUT_RETURN_TYPE = YES_ERROR;
				GCC_WARN_UNDECLARED_SELECTOR = YES;
				GCC_WARN_UNINITIALIZED_AUTOS = YES_AGGRESSIVE;
				GCC_WARN_UNUSED_FUNCTION = YES;
				GCC_WARN_UNUSED_VARIABLE = YES;
				IPHONEOS_DEPLOYMENT_TARGET = 15.2;
				MTL_ENABLE_DEBUG_INFO = INCLUDE_SOURCE;
				MTL_FAST_MATH = YES;
				ONLY_ACTIVE_ARCH = YES;
				SDKROOT = iphoneos;
				SWIFT_ACTIVE_COMPILATION_CONDITIONS = DEBUG;
				SWIFT_OPTIMIZATION_LEVEL = "-Onone";
			};
			name = Debug;
		};
		9D64C66327BDA48300DD4F1D /* Release */ = {
			isa = XCBuildConfiguration;
			buildSettings = {
				ALWAYS_SEARCH_USER_PATHS = NO;
				CLANG_ANALYZER_NONNULL = YES;
				CLANG_ANALYZER_NUMBER_OBJECT_CONVERSION = YES_AGGRESSIVE;
				CLANG_CXX_LANGUAGE_STANDARD = "gnu++17";
				CLANG_CXX_LIBRARY = "libc++";
				CLANG_ENABLE_MODULES = YES;
				CLANG_ENABLE_OBJC_ARC = YES;
				CLANG_ENABLE_OBJC_WEAK = YES;
				CLANG_WARN_BLOCK_CAPTURE_AUTORELEASING = YES;
				CLANG_WARN_BOOL_CONVERSION = YES;
				CLANG_WARN_COMMA = YES;
				CLANG_WARN_CONSTANT_CONVERSION = YES;
				CLANG_WARN_DEPRECATED_OBJC_IMPLEMENTATIONS = YES;
				CLANG_WARN_DIRECT_OBJC_ISA_USAGE = YES_ERROR;
				CLANG_WARN_DOCUMENTATION_COMMENTS = YES;
				CLANG_WARN_EMPTY_BODY = YES;
				CLANG_WARN_ENUM_CONVERSION = YES;
				CLANG_WARN_INFINITE_RECURSION = YES;
				CLANG_WARN_INT_CONVERSION = YES;
				CLANG_WARN_NON_LITERAL_NULL_CONVERSION = YES;
				CLANG_WARN_OBJC_IMPLICIT_RETAIN_SELF = YES;
				CLANG_WARN_OBJC_LITERAL_CONVERSION = YES;
				CLANG_WARN_OBJC_ROOT_CLASS = YES_ERROR;
				CLANG_WARN_QUOTED_INCLUDE_IN_FRAMEWORK_HEADER = YES;
				CLANG_WARN_RANGE_LOOP_ANALYSIS = YES;
				CLANG_WARN_STRICT_PROTOTYPES = YES;
				CLANG_WARN_SUSPICIOUS_MOVE = YES;
				CLANG_WARN_UNGUARDED_AVAILABILITY = YES_AGGRESSIVE;
				CLANG_WARN_UNREACHABLE_CODE = YES;
				CLANG_WARN__DUPLICATE_METHOD_MATCH = YES;
				COPY_PHASE_STRIP = NO;
				DEBUG_INFORMATION_FORMAT = "dwarf-with-dsym";
				ENABLE_NS_ASSERTIONS = NO;
				ENABLE_STRICT_OBJC_MSGSEND = YES;
				GCC_C_LANGUAGE_STANDARD = gnu11;
				GCC_NO_COMMON_BLOCKS = YES;
				GCC_WARN_64_TO_32_BIT_CONVERSION = YES;
				GCC_WARN_ABOUT_RETURN_TYPE = YES_ERROR;
				GCC_WARN_UNDECLARED_SELECTOR = YES;
				GCC_WARN_UNINITIALIZED_AUTOS = YES_AGGRESSIVE;
				GCC_WARN_UNUSED_FUNCTION = YES;
				GCC_WARN_UNUSED_VARIABLE = YES;
				IPHONEOS_DEPLOYMENT_TARGET = 15.2;
				MTL_ENABLE_DEBUG_INFO = NO;
				MTL_FAST_MATH = YES;
				SDKROOT = iphoneos;
				SWIFT_COMPILATION_MODE = wholemodule;
				SWIFT_OPTIMIZATION_LEVEL = "-O";
				VALIDATE_PRODUCT = YES;
			};
			name = Release;
		};
		9D64C66527BDA48300DD4F1D /* Debug */ = {
			isa = XCBuildConfiguration;
			buildSettings = {
				ASSETCATALOG_COMPILER_APPICON_NAME = AppIcon;
				ASSETCATALOG_COMPILER_GLOBAL_ACCENT_COLOR_NAME = AccentColor;
				CODE_SIGN_STYLE = Automatic;
				CURRENT_PROJECT_VERSION = 1;
				DEVELOPMENT_TEAM = BB3Q5D42KA;
				GENERATE_INFOPLIST_FILE = YES;
				INFOPLIST_FILE = RidProyect2/Info.plist;
				INFOPLIST_KEY_UIApplicationSupportsIndirectInputEvents = YES;
				INFOPLIST_KEY_UILaunchStoryboardName = LaunchScreen;
				INFOPLIST_KEY_UIMainStoryboardFile = Main;
				INFOPLIST_KEY_UISupportedInterfaceOrientations = UIInterfaceOrientationPortrait;
				INFOPLIST_KEY_UISupportedInterfaceOrientations_iPad = "UIInterfaceOrientationPortrait UIInterfaceOrientationPortraitUpsideDown UIInterfaceOrientationLandscapeLeft UIInterfaceOrientationLandscapeRight";
				INFOPLIST_KEY_UISupportedInterfaceOrientations_iPhone = "UIInterfaceOrientationPortrait UIInterfaceOrientationLandscapeLeft UIInterfaceOrientationLandscapeRight";
				LD_RUNPATH_SEARCH_PATHS = (
					"$(inherited)",
					"@executable_path/Frameworks",
				);
				MARKETING_VERSION = 1.0;
				PRODUCT_BUNDLE_IDENTIFIER = com.isil.RidProyect2;
				PRODUCT_NAME = "$(TARGET_NAME)";
				SWIFT_EMIT_LOC_STRINGS = YES;
				SWIFT_VERSION = 5.0;
				TARGETED_DEVICE_FAMILY = "1,2";
			};
			name = Debug;
		};
		9D64C66627BDA48300DD4F1D /* Release */ = {
			isa = XCBuildConfiguration;
			buildSettings = {
				ASSETCATALOG_COMPILER_APPICON_NAME = AppIcon;
				ASSETCATALOG_COMPILER_GLOBAL_ACCENT_COLOR_NAME = AccentColor;
				CODE_SIGN_STYLE = Automatic;
				CURRENT_PROJECT_VERSION = 1;
				DEVELOPMENT_TEAM = BB3Q5D42KA;
				GENERATE_INFOPLIST_FILE = YES;
				INFOPLIST_FILE = RidProyect2/Info.plist;
				INFOPLIST_KEY_UIApplicationSupportsIndirectInputEvents = YES;
				INFOPLIST_KEY_UILaunchStoryboardName = LaunchScreen;
				INFOPLIST_KEY_UIMainStoryboardFile = Main;
				INFOPLIST_KEY_UISupportedInterfaceOrientations = UIInterfaceOrientationPortrait;
				INFOPLIST_KEY_UISupportedInterfaceOrientations_iPad = "UIInterfaceOrientationPortrait UIInterfaceOrientationPortraitUpsideDown UIInterfaceOrientationLandscapeLeft UIInterfaceOrientationLandscapeRight";
				INFOPLIST_KEY_UISupportedInterfaceOrientations_iPhone = "UIInterfaceOrientationPortrait UIInterfaceOrientationLandscapeLeft UIInterfaceOrientationLandscapeRight";
				LD_RUNPATH_SEARCH_PATHS = (
					"$(inherited)",
					"@executable_path/Frameworks",
				);
				MARKETING_VERSION = 1.0;
				PRODUCT_BUNDLE_IDENTIFIER = com.isil.RidProyect2;
				PRODUCT_NAME = "$(TARGET_NAME)";
				SWIFT_EMIT_LOC_STRINGS = YES;
				SWIFT_VERSION = 5.0;
				TARGETED_DEVICE_FAMILY = "1,2";
			};
			name = Release;
		};
/* End XCBuildConfiguration section */

/* Begin XCConfigurationList section */
		9D64C64B27BDA48000DD4F1D /* Build configuration list for PBXProject "RidProyect2" */ = {
			isa = XCConfigurationList;
			buildConfigurations = (
				9D64C66227BDA48300DD4F1D /* Debug */,
				9D64C66327BDA48300DD4F1D /* Release */,
			);
			defaultConfigurationIsVisible = 0;
			defaultConfigurationName = Release;
		};
		9D64C66427BDA48300DD4F1D /* Build configuration list for PBXNativeTarget "RidProyect2" */ = {
			isa = XCConfigurationList;
			buildConfigurations = (
				9D64C66527BDA48300DD4F1D /* Debug */,
				9D64C66627BDA48300DD4F1D /* Release */,
			);
			defaultConfigurationIsVisible = 0;
			defaultConfigurationName = Release;
		};
/* End XCConfigurationList section */

/* Begin XCRemoteSwiftPackageReference section */
		9D4C379627C371A800178891 /* XCRemoteSwiftPackageReference "firebase-ios-sdk" */ = {
			isa = XCRemoteSwiftPackageReference;
			repositoryURL = "https://github.com/firebase/firebase-ios-sdk";
			requirement = {
				branch = master;
				kind = branch;
			};
		};
/* End XCRemoteSwiftPackageReference section */

/* Begin XCSwiftPackageProductDependency section */
		9D4C379727C371A800178891 /* FirebaseAuth */ = {
			isa = XCSwiftPackageProductDependency;
			package = 9D4C379627C371A800178891 /* XCRemoteSwiftPackageReference "firebase-ios-sdk" */;
			productName = FirebaseAuth;
		};
		9D4C379927C371A800178891 /* FirebaseDatabase */ = {
			isa = XCSwiftPackageProductDependency;
			package = 9D4C379627C371A800178891 /* XCRemoteSwiftPackageReference "firebase-ios-sdk" */;
			productName = FirebaseDatabase;
		};
/* End XCSwiftPackageProductDependency section */
	};
	rootObject = 9D64C64827BDA48000DD4F1D /* Project object */;
}
